
Microsoft Visual Studio Solution File, Format Version 12.00
# Visual Studio Version 17
VisualStudioVersion = 17.10.34916.146
MinimumVisualStudioVersion = 10.0.40219.1
Project("{9A19103F-16F7-4668-BE54-9A1E7A4F7556}") = "LINQ", "LINQ.csproj", "{8FC159B7-3762-4E12-A669-B5216EAE02C9}"
EndProject
Global
	GlobalSection(SolutionConfigurationPlatforms) = preSolution
		Debug|Any CPU = Debug|Any CPU
		Release|Any CPU = Release|Any CPU
	EndGlobalSection
	GlobalSection(ProjectConfigurationPlatforms) = postSolution
		{8FC159B7-3762-4E12-A669-B5216EAE02C9}.Debug|Any CPU.ActiveCfg = Debug|Any CPU
		{8FC159B7-3762-4E12-A669-B5216EAE02C9}.Debug|Any CPU.Build.0 = Debug|Any CPU
		{8FC159B7-3762-4E12-A669-B5216EAE02C9}.Release|Any CPU.ActiveCfg = Release|Any CPU
		{8FC159B7-3762-4E12-A669-B5216EAE02C9}.Release|Any CPU.Build.0 = Release|Any CPU
	EndGlobalSection
	GlobalSection(SolutionProperties) = preSolution
		HideSolutionNode = FALSE
	EndGlobalSection
	GlobalSection(ExtensibilityGlobals) = postSolution
		SolutionGuid = {08255D67-AD24-442A-8F55-FA669E0365A4}
	EndGlobalSection
EndGlobal
