
Microsoft Visual Studio Solution File, Format Version 12.00
# Visual Studio Version 17
VisualStudioVersion = 17.10.34916.146
MinimumVisualStudioVersion = 10.0.40219.1
Project("{9A19103F-16F7-4668-BE54-9A1E7A4F7556}") = "Data Structures and Algorithms", "Data Structures and Algorithms.csproj", "{418923C0-DE3F-49DD-8C7D-15FFC14E1D05}"
EndProject
Global
	GlobalSection(SolutionConfigurationPlatforms) = preSolution
		Debug|Any CPU = Debug|Any CPU
		Release|Any CPU = Release|Any CPU
	EndGlobalSection
	GlobalSection(ProjectConfigurationPlatforms) = postSolution
		{418923C0-DE3F-49DD-8C7D-15FFC14E1D05}.Debug|Any CPU.ActiveCfg = Debug|Any CPU
		{418923C0-DE3F-49DD-8C7D-15FFC14E1D05}.Debug|Any CPU.Build.0 = Debug|Any CPU
		{418923C0-DE3F-49DD-8C7D-15FFC14E1D05}.Release|Any CPU.ActiveCfg = Release|Any CPU
		{418923C0-DE3F-49DD-8C7D-15FFC14E1D05}.Release|Any CPU.Build.0 = Release|Any CPU
	EndGlobalSection
	GlobalSection(SolutionProperties) = preSolution
		HideSolutionNode = FALSE
	EndGlobalSection
	GlobalSection(ExtensibilityGlobals) = postSolution
		SolutionGuid = {82BCEEF5-D1EE-4510-962A-D123D7327AE9}
	EndGlobalSection
EndGlobal
