
Microsoft Visual Studio Solution File, Format Version 12.00
# Visual Studio Version 17
VisualStudioVersion = 17.10.34916.146
MinimumVisualStudioVersion = 10.0.40219.1
Project("{FAE04EC0-301F-11D3-BF4B-00C04F79EFBC}") = "Access Modifiers", "Access Modifiers.csproj", "{DCD9BB34-83E7-4D51-97C8-12F719917F96}"
EndProject
Global
	GlobalSection(SolutionConfigurationPlatforms) = preSolution
		Debug|Any CPU = Debug|Any CPU
		Release|Any CPU = Release|Any CPU
	EndGlobalSection
	GlobalSection(ProjectConfigurationPlatforms) = postSolution
		{DCD9BB34-83E7-4D51-97C8-12F719917F96}.Debug|Any CPU.ActiveCfg = Debug|Any CPU
		{DCD9BB34-83E7-4D51-97C8-12F719917F96}.Debug|Any CPU.Build.0 = Debug|Any CPU
		{DCD9BB34-83E7-4D51-97C8-12F719917F96}.Release|Any CPU.ActiveCfg = Release|Any CPU
		{DCD9BB34-83E7-4D51-97C8-12F719917F96}.Release|Any CPU.Build.0 = Release|Any CPU
	EndGlobalSection
	GlobalSection(SolutionProperties) = preSolution
		HideSolutionNode = FALSE
	EndGlobalSection
	GlobalSection(ExtensibilityGlobals) = postSolution
		SolutionGuid = {45DB2E5C-D937-4460-A0D0-22C8CCB25AFA}
	EndGlobalSection
EndGlobal
